
Microsoft Visual Studio Solution File, Format Version 12.00
# Visual Studio Version 17
VisualStudioVersion = 17.3.32611.2
MinimumVisualStudioVersion = 10.0.40219.1
Project("{9A19103F-16F7-4668-BE54-9A1E7A4F7556}") = "VMTranslator", "VMTranslator.csproj", "{B2BCB1E5-18AA-4D5F-8425-23388D4DA1DA}"
EndProject
Global
	GlobalSection(SolutionConfigurationPlatforms) = preSolution
		Debug|Any CPU = Debug|Any CPU
		Release|Any CPU = Release|Any CPU
	EndGlobalSection
	GlobalSection(ProjectConfigurationPlatforms) = postSolution
		{B2BCB1E5-18AA-4D5F-8425-23388D4DA1DA}.Debug|Any CPU.ActiveCfg = Debug|Any CPU
		{B2BCB1E5-18AA-4D5F-8425-23388D4DA1DA}.Debug|Any CPU.Build.0 = Debug|Any CPU
		{B2BCB1E5-18AA-4D5F-8425-23388D4DA1DA}.Release|Any CPU.ActiveCfg = Release|Any CPU
		{B2BCB1E5-18AA-4D5F-8425-23388D4DA1DA}.Release|Any CPU.Build.0 = Release|Any CPU
	EndGlobalSection
	GlobalSection(SolutionProperties) = preSolution
		HideSolutionNode = FALSE
	EndGlobalSection
	GlobalSection(ExtensibilityGlobals) = postSolution
		SolutionGuid = {4C00A861-3575-4EB1-8642-3A69880BF8E3}
	EndGlobalSection
EndGlobal
